
Microsoft Visual Studio Solution File, Format Version 12.00
# Visual Studio Version 17
VisualStudioVersion = 17.4.33403.182
MinimumVisualStudioVersion = 10.0.40219.1
Project("{FAE04EC0-301F-11D3-BF4B-00C04F79EFBC}") = "WPF_Lab_11", "WPF_Lab_11\WPF_Lab_11.csproj", "{0928656E-85D8-4B5F-9A4E-E3FE7D5984C2}"
EndProject
Global
	GlobalSection(SolutionConfigurationPlatforms) = preSolution
		Debug|Any CPU = Debug|Any CPU
		Release|Any CPU = Release|Any CPU
	EndGlobalSection
	GlobalSection(ProjectConfigurationPlatforms) = postSolution
		{0928656E-85D8-4B5F-9A4E-E3FE7D5984C2}.Debug|Any CPU.ActiveCfg = Debug|Any CPU
		{0928656E-85D8-4B5F-9A4E-E3FE7D5984C2}.Debug|Any CPU.Build.0 = Debug|Any CPU
		{0928656E-85D8-4B5F-9A4E-E3FE7D5984C2}.Release|Any CPU.ActiveCfg = Release|Any CPU
		{0928656E-85D8-4B5F-9A4E-E3FE7D5984C2}.Release|Any CPU.Build.0 = Release|Any CPU
	EndGlobalSection
	GlobalSection(SolutionProperties) = preSolution
		HideSolutionNode = FALSE
	EndGlobalSection
	GlobalSection(ExtensibilityGlobals) = postSolution
		SolutionGuid = {E5B2138B-D335-4FFC-820C-54098DE253FB}
	EndGlobalSection
EndGlobal
